
Microsoft Visual Studio Solution File, Format Version 12.00
# Visual Studio Version 16
VisualStudioVersion = 16.0.31129.286
MinimumVisualStudioVersion = 10.0.40219.1
Project("{8BC9CEB8-8B4A-11D0-8D11-00A0C91BC942}") = "11 字符串与字符串函数", "11 字符串与字符串函数.vcxproj", "{A62E9203-E1C8-4276-BACE-FF0DD3F4476F}"
EndProject
Global
	GlobalSection(SolutionConfigurationPlatforms) = preSolution
		Debug|x64 = Debug|x64
		Debug|x86 = Debug|x86
		Release|x64 = Release|x64
		Release|x86 = Release|x86
	EndGlobalSection
	GlobalSection(ProjectConfigurationPlatforms) = postSolution
		{A62E9203-E1C8-4276-BACE-FF0DD3F4476F}.Debug|x64.ActiveCfg = Debug|x64
		{A62E9203-E1C8-4276-BACE-FF0DD3F4476F}.Debug|x64.Build.0 = Debug|x64
		{A62E9203-E1C8-4276-BACE-FF0DD3F4476F}.Debug|x86.ActiveCfg = Debug|Win32
		{A62E9203-E1C8-4276-BACE-FF0DD3F4476F}.Debug|x86.Build.0 = Debug|Win32
		{A62E9203-E1C8-4276-BACE-FF0DD3F4476F}.Release|x64.ActiveCfg = Release|x64
		{A62E9203-E1C8-4276-BACE-FF0DD3F4476F}.Release|x64.Build.0 = Release|x64
		{A62E9203-E1C8-4276-BACE-FF0DD3F4476F}.Release|x86.ActiveCfg = Release|Win32
		{A62E9203-E1C8-4276-BACE-FF0DD3F4476F}.Release|x86.Build.0 = Release|Win32
	EndGlobalSection
	GlobalSection(SolutionProperties) = preSolution
		HideSolutionNode = FALSE
	EndGlobalSection
	GlobalSection(ExtensibilityGlobals) = postSolution
		SolutionGuid = {BF1EEB78-C035-4420-A1BB-AEFBBCBDCDE6}
	EndGlobalSection
EndGlobal
